
Microsoft Visual Studio Solution File, Format Version 12.00
# Visual Studio Version 16
VisualStudioVersion = 16.0.31624.102
MinimumVisualStudioVersion = 10.0.40219.1
Project("{8BC9CEB8-8B4A-11D0-8D11-00A0C91BC942}") = "Template", "Template\Template.vcxproj", "{9E843A9A-2FB3-4A81-820A-813DEBBD051D}"
EndProject
Global
	GlobalSection(SolutionConfigurationPlatforms) = preSolution
		Debug|x64 = Debug|x64
		Debug|x86 = Debug|x86
		Release|x64 = Release|x64
		Release|x86 = Release|x86
	EndGlobalSection
	GlobalSection(ProjectConfigurationPlatforms) = postSolution
		{9E843A9A-2FB3-4A81-820A-813DEBBD051D}.Debug|x64.ActiveCfg = Debug|x64
		{9E843A9A-2FB3-4A81-820A-813DEBBD051D}.Debug|x64.Build.0 = Debug|x64
		{9E843A9A-2FB3-4A81-820A-813DEBBD051D}.Debug|x86.ActiveCfg = Debug|Win32
		{9E843A9A-2FB3-4A81-820A-813DEBBD051D}.Debug|x86.Build.0 = Debug|Win32
		{9E843A9A-2FB3-4A81-820A-813DEBBD051D}.Release|x64.ActiveCfg = Release|x64
		{9E843A9A-2FB3-4A81-820A-813DEBBD051D}.Release|x64.Build.0 = Release|x64
		{9E843A9A-2FB3-4A81-820A-813DEBBD051D}.Release|x86.ActiveCfg = Release|Win32
		{9E843A9A-2FB3-4A81-820A-813DEBBD051D}.Release|x86.Build.0 = Release|Win32
	EndGlobalSection
	GlobalSection(SolutionProperties) = preSolution
		HideSolutionNode = FALSE
	EndGlobalSection
	GlobalSection(ExtensibilityGlobals) = postSolution
		SolutionGuid = {274F5FBE-DA1F-4E01-B3BB-E5ED7A5FCA71}
	EndGlobalSection
EndGlobal
